
Microsoft Visual Studio Solution File, Format Version 12.00
# Visual Studio 2013
VisualStudioVersion = 12.0.30723.0
MinimumVisualStudioVersion = 10.0.40219.1
Project("{FAE04EC0-301F-11D3-BF4B-00C04F79EFBC}") = "PortableCodeLib", "PortableCodeLib\PortableCodeLib.csproj", "{85B5B223-364A-4073-B2E7-EE8FB709C6BB}"
EndProject
Project("{FAE04EC0-301F-11D3-BF4B-00C04F79EFBC}") = "AppWPF", "AppWPF\AppWPF.csproj", "{6360871B-B621-4441-ABC0-486F3CB4F629}"
EndProject
Project("{D954291E-2A0B-460D-934E-DC6B0785DB48}") = "SharedCodeLib", "SharedCodeLib\SharedCodeLib\SharedCodeLib.shproj", "{0702EA4B-0F75-454A-B55D-B22EC6EAFF5A}"
EndProject
Project("{FAE04EC0-301F-11D3-BF4B-00C04F79EFBC}") = "AppAndroid", "AppAndroid\AppAndroid.csproj", "{326AAF28-B316-4F80-A55E-21846218A5A6}"
EndProject
Project("{FAE04EC0-301F-11D3-BF4B-00C04F79EFBC}") = "AppAndroid2", "AppAndroid2\AppAndroid2.csproj", "{55E6B920-5C2C-4040-AD21-1437B25B76E5}"
EndProject
Global
	GlobalSection(SharedMSBuildProjectFiles) = preSolution
		SharedCodeLib\SharedCodeLib\SharedCodeLib.projitems*{6360871b-b621-4441-abc0-486f3cb4f629}*SharedItemsImports = 4
		SharedCodeLib\SharedCodeLib\SharedCodeLib.projitems*{0702ea4b-0f75-454a-b55d-b22ec6eaff5a}*SharedItemsImports = 13
		SharedCodeLib\SharedCodeLib\SharedCodeLib.projitems*{85b5b223-364a-4073-b2e7-ee8fb709c6bb}*SharedItemsImports = 4
	EndGlobalSection
	GlobalSection(SolutionConfigurationPlatforms) = preSolution
		Ad-Hoc|Any CPU = Ad-Hoc|Any CPU
		Ad-Hoc|iPhone = Ad-Hoc|iPhone
		Ad-Hoc|iPhoneSimulator = Ad-Hoc|iPhoneSimulator
		Ad-Hoc|Mixed Platforms = Ad-Hoc|Mixed Platforms
		AppStore|Any CPU = AppStore|Any CPU
		AppStore|iPhone = AppStore|iPhone
		AppStore|iPhoneSimulator = AppStore|iPhoneSimulator
		AppStore|Mixed Platforms = AppStore|Mixed Platforms
		Debug|Any CPU = Debug|Any CPU
		Debug|iPhone = Debug|iPhone
		Debug|iPhoneSimulator = Debug|iPhoneSimulator
		Debug|Mixed Platforms = Debug|Mixed Platforms
		Release|Any CPU = Release|Any CPU
		Release|iPhone = Release|iPhone
		Release|iPhoneSimulator = Release|iPhoneSimulator
		Release|Mixed Platforms = Release|Mixed Platforms
	EndGlobalSection
	GlobalSection(ProjectConfigurationPlatforms) = postSolution
		{85B5B223-364A-4073-B2E7-EE8FB709C6BB}.Ad-Hoc|Any CPU.ActiveCfg = Release|Any CPU
		{85B5B223-364A-4073-B2E7-EE8FB709C6BB}.Ad-Hoc|Any CPU.Build.0 = Release|Any CPU
		{85B5B223-364A-4073-B2E7-EE8FB709C6BB}.Ad-Hoc|iPhone.ActiveCfg = Release|Any CPU
		{85B5B223-364A-4073-B2E7-EE8FB709C6BB}.Ad-Hoc|iPhoneSimulator.ActiveCfg = Release|Any CPU
		{85B5B223-364A-4073-B2E7-EE8FB709C6BB}.Ad-Hoc|Mixed Platforms.ActiveCfg = Release|Any CPU
		{85B5B223-364A-4073-B2E7-EE8FB709C6BB}.Ad-Hoc|Mixed Platforms.Build.0 = Release|Any CPU
		{85B5B223-364A-4073-B2E7-EE8FB709C6BB}.AppStore|Any CPU.ActiveCfg = Release|Any CPU
		{85B5B223-364A-4073-B2E7-EE8FB709C6BB}.AppStore|Any CPU.Build.0 = Release|Any CPU
		{85B5B223-364A-4073-B2E7-EE8FB709C6BB}.AppStore|iPhone.ActiveCfg = Release|Any CPU
		{85B5B223-364A-4073-B2E7-EE8FB709C6BB}.AppStore|iPhoneSimulator.ActiveCfg = Release|Any CPU
		{85B5B223-364A-4073-B2E7-EE8FB709C6BB}.AppStore|Mixed Platforms.ActiveCfg = Release|Any CPU
		{85B5B223-364A-4073-B2E7-EE8FB709C6BB}.AppStore|Mixed Platforms.Build.0 = Release|Any CPU
		{85B5B223-364A-4073-B2E7-EE8FB709C6BB}.Debug|Any CPU.ActiveCfg = Debug|Any CPU
		{85B5B223-364A-4073-B2E7-EE8FB709C6BB}.Debug|Any CPU.Build.0 = Debug|Any CPU
		{85B5B223-364A-4073-B2E7-EE8FB709C6BB}.Debug|iPhone.ActiveCfg = Debug|Any CPU
		{85B5B223-364A-4073-B2E7-EE8FB709C6BB}.Debug|iPhoneSimulator.ActiveCfg = Debug|Any CPU
		{85B5B223-364A-4073-B2E7-EE8FB709C6BB}.Debug|Mixed Platforms.ActiveCfg = Debug|Any CPU
		{85B5B223-364A-4073-B2E7-EE8FB709C6BB}.Debug|Mixed Platforms.Build.0 = Debug|Any CPU
		{85B5B223-364A-4073-B2E7-EE8FB709C6BB}.Release|Any CPU.ActiveCfg = Release|Any CPU
		{85B5B223-364A-4073-B2E7-EE8FB709C6BB}.Release|Any CPU.Build.0 = Release|Any CPU
		{85B5B223-364A-4073-B2E7-EE8FB709C6BB}.Release|iPhone.ActiveCfg = Release|Any CPU
		{85B5B223-364A-4073-B2E7-EE8FB709C6BB}.Release|iPhoneSimulator.ActiveCfg = Release|Any CPU
		{85B5B223-364A-4073-B2E7-EE8FB709C6BB}.Release|Mixed Platforms.ActiveCfg = Release|Any CPU
		{85B5B223-364A-4073-B2E7-EE8FB709C6BB}.Release|Mixed Platforms.Build.0 = Release|Any CPU
		{6360871B-B621-4441-ABC0-486F3CB4F629}.Ad-Hoc|Any CPU.ActiveCfg = Release|Any CPU
		{6360871B-B621-4441-ABC0-486F3CB4F629}.Ad-Hoc|Any CPU.Build.0 = Release|Any CPU
		{6360871B-B621-4441-ABC0-486F3CB4F629}.Ad-Hoc|iPhone.ActiveCfg = Release|Any CPU
		{6360871B-B621-4441-ABC0-486F3CB4F629}.Ad-Hoc|iPhoneSimulator.ActiveCfg = Release|Any CPU
		{6360871B-B621-4441-ABC0-486F3CB4F629}.Ad-Hoc|Mixed Platforms.ActiveCfg = Release|Any CPU
		{6360871B-B621-4441-ABC0-486F3CB4F629}.Ad-Hoc|Mixed Platforms.Build.0 = Release|Any CPU
		{6360871B-B621-4441-ABC0-486F3CB4F629}.AppStore|Any CPU.ActiveCfg = Release|Any CPU
		{6360871B-B621-4441-ABC0-486F3CB4F629}.AppStore|Any CPU.Build.0 = Release|Any CPU
		{6360871B-B621-4441-ABC0-486F3CB4F629}.AppStore|iPhone.ActiveCfg = Release|Any CPU
		{6360871B-B621-4441-ABC0-486F3CB4F629}.AppStore|iPhoneSimulator.ActiveCfg = Release|Any CPU
		{6360871B-B621-4441-ABC0-486F3CB4F629}.AppStore|Mixed Platforms.ActiveCfg = Release|Any CPU
		{6360871B-B621-4441-ABC0-486F3CB4F629}.AppStore|Mixed Platforms.Build.0 = Release|Any CPU
		{6360871B-B621-4441-ABC0-486F3CB4F629}.Debug|Any CPU.ActiveCfg = Debug|Any CPU
		{6360871B-B621-4441-ABC0-486F3CB4F629}.Debug|Any CPU.Build.0 = Debug|Any CPU
		{6360871B-B621-4441-ABC0-486F3CB4F629}.Debug|iPhone.ActiveCfg = Debug|Any CPU
		{6360871B-B621-4441-ABC0-486F3CB4F629}.Debug|iPhoneSimulator.ActiveCfg = Debug|Any CPU
		{6360871B-B621-4441-ABC0-486F3CB4F629}.Debug|Mixed Platforms.ActiveCfg = Debug|Any CPU
		{6360871B-B621-4441-ABC0-486F3CB4F629}.Debug|Mixed Platforms.Build.0 = Debug|Any CPU
		{6360871B-B621-4441-ABC0-486F3CB4F629}.Release|Any CPU.ActiveCfg = Release|Any CPU
		{6360871B-B621-4441-ABC0-486F3CB4F629}.Release|Any CPU.Build.0 = Release|Any CPU
		{6360871B-B621-4441-ABC0-486F3CB4F629}.Release|iPhone.ActiveCfg = Release|Any CPU
		{6360871B-B621-4441-ABC0-486F3CB4F629}.Release|iPhoneSimulator.ActiveCfg = Release|Any CPU
		{6360871B-B621-4441-ABC0-486F3CB4F629}.Release|Mixed Platforms.ActiveCfg = Release|Any CPU
		{6360871B-B621-4441-ABC0-486F3CB4F629}.Release|Mixed Platforms.Build.0 = Release|Any CPU
		{326AAF28-B316-4F80-A55E-21846218A5A6}.Ad-Hoc|Any CPU.ActiveCfg = Release|Any CPU
		{326AAF28-B316-4F80-A55E-21846218A5A6}.Ad-Hoc|Any CPU.Build.0 = Release|Any CPU
		{326AAF28-B316-4F80-A55E-21846218A5A6}.Ad-Hoc|iPhone.ActiveCfg = Release|Any CPU
		{326AAF28-B316-4F80-A55E-21846218A5A6}.Ad-Hoc|iPhone.Build.0 = Release|Any CPU
		{326AAF28-B316-4F80-A55E-21846218A5A6}.Ad-Hoc|iPhoneSimulator.ActiveCfg = Release|Any CPU
		{326AAF28-B316-4F80-A55E-21846218A5A6}.Ad-Hoc|iPhoneSimulator.Build.0 = Release|Any CPU
		{326AAF28-B316-4F80-A55E-21846218A5A6}.Ad-Hoc|Mixed Platforms.ActiveCfg = Release|Any CPU
		{326AAF28-B316-4F80-A55E-21846218A5A6}.Ad-Hoc|Mixed Platforms.Build.0 = Release|Any CPU
		{326AAF28-B316-4F80-A55E-21846218A5A6}.AppStore|Any CPU.ActiveCfg = Release|Any CPU
		{326AAF28-B316-4F80-A55E-21846218A5A6}.AppStore|Any CPU.Build.0 = Release|Any CPU
		{326AAF28-B316-4F80-A55E-21846218A5A6}.AppStore|iPhone.ActiveCfg = Release|Any CPU
		{326AAF28-B316-4F80-A55E-21846218A5A6}.AppStore|iPhone.Build.0 = Release|Any CPU
		{326AAF28-B316-4F80-A55E-21846218A5A6}.AppStore|iPhoneSimulator.ActiveCfg = Release|Any CPU
		{326AAF28-B316-4F80-A55E-21846218A5A6}.AppStore|iPhoneSimulator.Build.0 = Release|Any CPU
		{326AAF28-B316-4F80-A55E-21846218A5A6}.AppStore|Mixed Platforms.ActiveCfg = Release|Any CPU
		{326AAF28-B316-4F80-A55E-21846218A5A6}.AppStore|Mixed Platforms.Build.0 = Release|Any CPU
		{326AAF28-B316-4F80-A55E-21846218A5A6}.Debug|Any CPU.ActiveCfg = Debug|Any CPU
		{326AAF28-B316-4F80-A55E-21846218A5A6}.Debug|Any CPU.Build.0 = Debug|Any CPU
		{326AAF28-B316-4F80-A55E-21846218A5A6}.Debug|iPhone.ActiveCfg = Debug|Any CPU
		{326AAF28-B316-4F80-A55E-21846218A5A6}.Debug|iPhone.Build.0 = Debug|Any CPU
		{326AAF28-B316-4F80-A55E-21846218A5A6}.Debug|iPhoneSimulator.ActiveCfg = Debug|Any CPU
		{326AAF28-B316-4F80-A55E-21846218A5A6}.Debug|iPhoneSimulator.Build.0 = Debug|Any CPU
		{326AAF28-B316-4F80-A55E-21846218A5A6}.Debug|Mixed Platforms.ActiveCfg = Debug|Any CPU
		{326AAF28-B316-4F80-A55E-21846218A5A6}.Debug|Mixed Platforms.Build.0 = Debug|Any CPU
		{326AAF28-B316-4F80-A55E-21846218A5A6}.Debug|Mixed Platforms.Deploy.0 = Debug|Any CPU
		{326AAF28-B316-4F80-A55E-21846218A5A6}.Release|Any CPU.ActiveCfg = Release|Any CPU
		{326AAF28-B316-4F80-A55E-21846218A5A6}.Release|Any CPU.Build.0 = Release|Any CPU
		{326AAF28-B316-4F80-A55E-21846218A5A6}.Release|iPhone.ActiveCfg = Release|Any CPU
		{326AAF28-B316-4F80-A55E-21846218A5A6}.Release|iPhone.Build.0 = Release|Any CPU
		{326AAF28-B316-4F80-A55E-21846218A5A6}.Release|iPhoneSimulator.ActiveCfg = Release|Any CPU
		{326AAF28-B316-4F80-A55E-21846218A5A6}.Release|iPhoneSimulator.Build.0 = Release|Any CPU
		{326AAF28-B316-4F80-A55E-21846218A5A6}.Release|Mixed Platforms.ActiveCfg = Release|Any CPU
		{326AAF28-B316-4F80-A55E-21846218A5A6}.Release|Mixed Platforms.Build.0 = Release|Any CPU
		{326AAF28-B316-4F80-A55E-21846218A5A6}.Release|Mixed Platforms.Deploy.0 = Release|Any CPU
		{55E6B920-5C2C-4040-AD21-1437B25B76E5}.Ad-Hoc|Any CPU.ActiveCfg = Release|Any CPU
		{55E6B920-5C2C-4040-AD21-1437B25B76E5}.Ad-Hoc|Any CPU.Build.0 = Release|Any CPU
		{55E6B920-5C2C-4040-AD21-1437B25B76E5}.Ad-Hoc|Any CPU.Deploy.0 = Release|Any CPU
		{55E6B920-5C2C-4040-AD21-1437B25B76E5}.Ad-Hoc|iPhone.ActiveCfg = Release|Any CPU
		{55E6B920-5C2C-4040-AD21-1437B25B76E5}.Ad-Hoc|iPhoneSimulator.ActiveCfg = Release|Any CPU
		{55E6B920-5C2C-4040-AD21-1437B25B76E5}.Ad-Hoc|Mixed Platforms.ActiveCfg = Release|Any CPU
		{55E6B920-5C2C-4040-AD21-1437B25B76E5}.Ad-Hoc|Mixed Platforms.Build.0 = Release|Any CPU
		{55E6B920-5C2C-4040-AD21-1437B25B76E5}.Ad-Hoc|Mixed Platforms.Deploy.0 = Release|Any CPU
		{55E6B920-5C2C-4040-AD21-1437B25B76E5}.AppStore|Any CPU.ActiveCfg = Release|Any CPU
		{55E6B920-5C2C-4040-AD21-1437B25B76E5}.AppStore|Any CPU.Build.0 = Release|Any CPU
		{55E6B920-5C2C-4040-AD21-1437B25B76E5}.AppStore|Any CPU.Deploy.0 = Release|Any CPU
		{55E6B920-5C2C-4040-AD21-1437B25B76E5}.AppStore|iPhone.ActiveCfg = Release|Any CPU
		{55E6B920-5C2C-4040-AD21-1437B25B76E5}.AppStore|iPhoneSimulator.ActiveCfg = Release|Any CPU
		{55E6B920-5C2C-4040-AD21-1437B25B76E5}.AppStore|Mixed Platforms.ActiveCfg = Release|Any CPU
		{55E6B920-5C2C-4040-AD21-1437B25B76E5}.AppStore|Mixed Platforms.Build.0 = Release|Any CPU
		{55E6B920-5C2C-4040-AD21-1437B25B76E5}.AppStore|Mixed Platforms.Deploy.0 = Release|Any CPU
		{55E6B920-5C2C-4040-AD21-1437B25B76E5}.Debug|Any CPU.ActiveCfg = Debug|Any CPU
		{55E6B920-5C2C-4040-AD21-1437B25B76E5}.Debug|Any CPU.Build.0 = Debug|Any CPU
		{55E6B920-5C2C-4040-AD21-1437B25B76E5}.Debug|Any CPU.Deploy.0 = Debug|Any CPU
		{55E6B920-5C2C-4040-AD21-1437B25B76E5}.Debug|iPhone.ActiveCfg = Debug|Any CPU
		{55E6B920-5C2C-4040-AD21-1437B25B76E5}.Debug|iPhoneSimulator.ActiveCfg = Debug|Any CPU
		{55E6B920-5C2C-4040-AD21-1437B25B76E5}.Debug|Mixed Platforms.ActiveCfg = Debug|Any CPU
		{55E6B920-5C2C-4040-AD21-1437B25B76E5}.Debug|Mixed Platforms.Build.0 = Debug|Any CPU
		{55E6B920-5C2C-4040-AD21-1437B25B76E5}.Debug|Mixed Platforms.Deploy.0 = Debug|Any CPU
		{55E6B920-5C2C-4040-AD21-1437B25B76E5}.Release|Any CPU.ActiveCfg = Release|Any CPU
		{55E6B920-5C2C-4040-AD21-1437B25B76E5}.Release|Any CPU.Build.0 = Release|Any CPU
		{55E6B920-5C2C-4040-AD21-1437B25B76E5}.Release|Any CPU.Deploy.0 = Release|Any CPU
		{55E6B920-5C2C-4040-AD21-1437B25B76E5}.Release|iPhone.ActiveCfg = Release|Any CPU
		{55E6B920-5C2C-4040-AD21-1437B25B76E5}.Release|iPhoneSimulator.ActiveCfg = Release|Any CPU
		{55E6B920-5C2C-4040-AD21-1437B25B76E5}.Release|Mixed Platforms.ActiveCfg = Release|Any CPU
		{55E6B920-5C2C-4040-AD21-1437B25B76E5}.Release|Mixed Platforms.Build.0 = Release|Any CPU
		{55E6B920-5C2C-4040-AD21-1437B25B76E5}.Release|Mixed Platforms.Deploy.0 = Release|Any CPU
	EndGlobalSection
	GlobalSection(SolutionProperties) = preSolution
		HideSolutionNode = FALSE
	EndGlobalSection
	GlobalSection(MonoDevelopProperties) = preSolution
		StartupItem = AppAndroid\AppAndroid.csproj
	EndGlobalSection
EndGlobal
